
Microsoft Visual Studio Solution File, Format Version 12.00
# Visual Studio Version 17
VisualStudioVersion = 17.9.34622.214
MinimumVisualStudioVersion = 10.0.40219.1
Project("{FAE04EC0-301F-11D3-BF4B-00C04F79EFBC}") = "HIMAIKFinanceMonitorApp.Server", "HIMAIKFinanceMonitorApp.Server\HIMAIKFinanceMonitorApp.Server.csproj", "{45C4E8A4-2FBC-4C43-AE63-4C5472442AF9}"
EndProject
Project("{54A90642-561A-4BB1-A94E-469ADEE60C69}") = "himaikfinancemonitorapp.client", "himaikfinancemonitorapp.client\himaikfinancemonitorapp.client.esproj", "{83834191-9242-4CEC-A89E-A2EC5215D49D}"
EndProject
Global
	GlobalSection(SolutionConfigurationPlatforms) = preSolution
		Debug|Any CPU = Debug|Any CPU
		Release|Any CPU = Release|Any CPU
	EndGlobalSection
	GlobalSection(ProjectConfigurationPlatforms) = postSolution
		{45C4E8A4-2FBC-4C43-AE63-4C5472442AF9}.Debug|Any CPU.ActiveCfg = Debug|Any CPU
		{45C4E8A4-2FBC-4C43-AE63-4C5472442AF9}.Debug|Any CPU.Build.0 = Debug|Any CPU
		{45C4E8A4-2FBC-4C43-AE63-4C5472442AF9}.Release|Any CPU.ActiveCfg = Release|Any CPU
		{45C4E8A4-2FBC-4C43-AE63-4C5472442AF9}.Release|Any CPU.Build.0 = Release|Any CPU
		{83834191-9242-4CEC-A89E-A2EC5215D49D}.Debug|Any CPU.ActiveCfg = Debug|Any CPU
		{83834191-9242-4CEC-A89E-A2EC5215D49D}.Debug|Any CPU.Build.0 = Debug|Any CPU
		{83834191-9242-4CEC-A89E-A2EC5215D49D}.Debug|Any CPU.Deploy.0 = Debug|Any CPU
		{83834191-9242-4CEC-A89E-A2EC5215D49D}.Release|Any CPU.ActiveCfg = Release|Any CPU
		{83834191-9242-4CEC-A89E-A2EC5215D49D}.Release|Any CPU.Build.0 = Release|Any CPU
		{83834191-9242-4CEC-A89E-A2EC5215D49D}.Release|Any CPU.Deploy.0 = Release|Any CPU
	EndGlobalSection
	GlobalSection(SolutionProperties) = preSolution
		HideSolutionNode = FALSE
	EndGlobalSection
	GlobalSection(ExtensibilityGlobals) = postSolution
		SolutionGuid = {631E7C97-9A1D-4AFB-AE2F-E6E73D95A7E7}
	EndGlobalSection
EndGlobal
